
Microsoft Visual Studio Solution File, Format Version 12.00
# Visual Studio Version 16
VisualStudioVersion = 25.0.1706.4
MinimumVisualStudioVersion = 10.0.40219.1
Project("{FAE04EC0-301F-11D3-BF4B-00C04F79EFBC}") = "AtmMachine", "AtmMachine.csproj", "{9FD3F99B-BA8C-4A6F-8B59-25774B26BE9D}"
EndProject
Project("{FAE04EC0-301F-11D3-BF4B-00C04F79EFBC}") = "AtmMachine.Tests", "..\AtmMachine.Tests\AtmMachine.Tests.csproj", "{5CF298B5-D117-45AA-89DE-0603F5DDD13C}"
EndProject
Global
	GlobalSection(SolutionConfigurationPlatforms) = preSolution
		Debug|Any CPU = Debug|Any CPU
		Release|Any CPU = Release|Any CPU
	EndGlobalSection
	GlobalSection(ProjectConfigurationPlatforms) = postSolution
		{9FD3F99B-BA8C-4A6F-8B59-25774B26BE9D}.Debug|Any CPU.ActiveCfg = Debug|Any CPU
		{9FD3F99B-BA8C-4A6F-8B59-25774B26BE9D}.Debug|Any CPU.Build.0 = Debug|Any CPU
		{9FD3F99B-BA8C-4A6F-8B59-25774B26BE9D}.Release|Any CPU.ActiveCfg = Release|Any CPU
		{9FD3F99B-BA8C-4A6F-8B59-25774B26BE9D}.Release|Any CPU.Build.0 = Release|Any CPU
		{5CF298B5-D117-45AA-89DE-0603F5DDD13C}.Debug|Any CPU.ActiveCfg = Debug|Any CPU
		{5CF298B5-D117-45AA-89DE-0603F5DDD13C}.Debug|Any CPU.Build.0 = Debug|Any CPU
		{5CF298B5-D117-45AA-89DE-0603F5DDD13C}.Release|Any CPU.ActiveCfg = Release|Any CPU
		{5CF298B5-D117-45AA-89DE-0603F5DDD13C}.Release|Any CPU.Build.0 = Release|Any CPU
	EndGlobalSection
	GlobalSection(SolutionProperties) = preSolution
		HideSolutionNode = FALSE
	EndGlobalSection
	GlobalSection(ExtensibilityGlobals) = postSolution
		SolutionGuid = {0E4C7DD1-2110-4C72-8E19-D3EF51F41F1B}
	EndGlobalSection
EndGlobal
