
Microsoft Visual Studio Solution File, Format Version 12.00
# Visual Studio Version 16
VisualStudioVersion = 25.0.1706.4
MinimumVisualStudioVersion = 10.0.40219.1
Project("{FAE04EC0-301F-11D3-BF4B-00C04F79EFBC}") = "RandomNumberGame", "RandomNumberGame.csproj", "{4F647BAB-B1F4-410C-B1C1-5292F89FD5BF}"
EndProject
Project("{FAE04EC0-301F-11D3-BF4B-00C04F79EFBC}") = "RandomNumberGame.Tests", "..\RandomNumberGame.Tests\RandomNumberGame.Tests.csproj", "{BE90E021-4487-43BF-A24E-EE6BB0B32D8A}"
EndProject
Global
	GlobalSection(SolutionConfigurationPlatforms) = preSolution
		Debug|Any CPU = Debug|Any CPU
		Release|Any CPU = Release|Any CPU
	EndGlobalSection
	GlobalSection(ProjectConfigurationPlatforms) = postSolution
		{4F647BAB-B1F4-410C-B1C1-5292F89FD5BF}.Debug|Any CPU.ActiveCfg = Debug|Any CPU
		{4F647BAB-B1F4-410C-B1C1-5292F89FD5BF}.Debug|Any CPU.Build.0 = Debug|Any CPU
		{4F647BAB-B1F4-410C-B1C1-5292F89FD5BF}.Release|Any CPU.ActiveCfg = Release|Any CPU
		{4F647BAB-B1F4-410C-B1C1-5292F89FD5BF}.Release|Any CPU.Build.0 = Release|Any CPU
		{BE90E021-4487-43BF-A24E-EE6BB0B32D8A}.Debug|Any CPU.ActiveCfg = Debug|Any CPU
		{BE90E021-4487-43BF-A24E-EE6BB0B32D8A}.Debug|Any CPU.Build.0 = Debug|Any CPU
		{BE90E021-4487-43BF-A24E-EE6BB0B32D8A}.Release|Any CPU.ActiveCfg = Release|Any CPU
		{BE90E021-4487-43BF-A24E-EE6BB0B32D8A}.Release|Any CPU.Build.0 = Release|Any CPU
	EndGlobalSection
	GlobalSection(SolutionProperties) = preSolution
		HideSolutionNode = FALSE
	EndGlobalSection
	GlobalSection(ExtensibilityGlobals) = postSolution
		SolutionGuid = {B0555729-2949-4B10-B1AA-9F637B5CD826}
	EndGlobalSection
EndGlobal
