
Microsoft Visual Studio Solution File, Format Version 12.00
# Visual Studio Version 16
VisualStudioVersion = 25.0.1706.4
MinimumVisualStudioVersion = 10.0.40219.1
Project("{FAE04EC0-301F-11D3-BF4B-00C04F79EFBC}") = "TextProcessor", "TextProcessor.csproj", "{F5FA7508-A797-4965-8E43-5BB980A9DE6C}"
EndProject
Project("{FAE04EC0-301F-11D3-BF4B-00C04F79EFBC}") = "TextProcessor.Tests", "..\TextProcessor.Tests\TextProcessor.Tests.csproj", "{5E303BB8-4E3D-4D92-A208-900A5D21055E}"
EndProject
Global
	GlobalSection(SolutionConfigurationPlatforms) = preSolution
		Debug|Any CPU = Debug|Any CPU
		Release|Any CPU = Release|Any CPU
	EndGlobalSection
	GlobalSection(ProjectConfigurationPlatforms) = postSolution
		{F5FA7508-A797-4965-8E43-5BB980A9DE6C}.Debug|Any CPU.ActiveCfg = Debug|Any CPU
		{F5FA7508-A797-4965-8E43-5BB980A9DE6C}.Debug|Any CPU.Build.0 = Debug|Any CPU
		{F5FA7508-A797-4965-8E43-5BB980A9DE6C}.Release|Any CPU.ActiveCfg = Release|Any CPU
		{F5FA7508-A797-4965-8E43-5BB980A9DE6C}.Release|Any CPU.Build.0 = Release|Any CPU
		{5E303BB8-4E3D-4D92-A208-900A5D21055E}.Debug|Any CPU.ActiveCfg = Debug|Any CPU
		{5E303BB8-4E3D-4D92-A208-900A5D21055E}.Debug|Any CPU.Build.0 = Debug|Any CPU
		{5E303BB8-4E3D-4D92-A208-900A5D21055E}.Release|Any CPU.ActiveCfg = Release|Any CPU
		{5E303BB8-4E3D-4D92-A208-900A5D21055E}.Release|Any CPU.Build.0 = Release|Any CPU
	EndGlobalSection
	GlobalSection(SolutionProperties) = preSolution
		HideSolutionNode = FALSE
	EndGlobalSection
	GlobalSection(ExtensibilityGlobals) = postSolution
		SolutionGuid = {D311AC0C-181E-446E-8926-26C023F7264F}
	EndGlobalSection
EndGlobal
